
Microsoft Visual Studio Solution File, Format Version 10.00
# Visual Studio 2008
Project("{FAE04EC0-301F-11D3-BF4B-00C04F79EFBC}") = "Tree", "Tree\Tree.csproj", "{8A9E2B99-E903-456B-BAAF-F68B689C56C5}"
EndProject
Project("{FAE04EC0-301F-11D3-BF4B-00C04F79EFBC}") = "TreeTest", "TreeTest\TreeTest.csproj", "{6860982D-1C11-4BDE-A601-CA1C632E2887}"
EndProject
Project("{FAE04EC0-301F-11D3-BF4B-00C04F79EFBC}") = "TreeDemo", "TreeDemo\TreeDemo.csproj", "{45610EE8-AAF5-4423-84CF-636E20451542}"
EndProject
Project("{E24C65DC-7377-472B-9ABA-BC803B73C61A}") = "AspNetDemo", "AspNetDemo\", "{E9718820-5BC8-48D8-B608-3F77354BE27B}"
	ProjectSection(WebsiteProperties) = preProject
		TargetFramework = "3.5"
		ProjectReferences = "{8A9E2B99-E903-456B-BAAF-F68B689C56C5}|Tree.dll;"
		Debug.AspNetCompiler.VirtualPath = "/AspNetDemo"
		Debug.AspNetCompiler.PhysicalPath = "AspNetDemo\"
		Debug.AspNetCompiler.TargetPath = "PrecompiledWeb\AspNetDemo\"
		Debug.AspNetCompiler.Updateable = "true"
		Debug.AspNetCompiler.ForceOverwrite = "true"
		Debug.AspNetCompiler.FixedNames = "false"
		Debug.AspNetCompiler.Debug = "True"
		Release.AspNetCompiler.VirtualPath = "/AspNetDemo"
		Release.AspNetCompiler.PhysicalPath = "AspNetDemo\"
		Release.AspNetCompiler.TargetPath = "PrecompiledWeb\AspNetDemo\"
		Release.AspNetCompiler.Updateable = "true"
		Release.AspNetCompiler.ForceOverwrite = "true"
		Release.AspNetCompiler.FixedNames = "false"
		Release.AspNetCompiler.Debug = "False"
		VWDPort = "36909"
		DefaultWebSiteLanguage = "Visual C#"
	EndProjectSection
EndProject
Project("{FAE04EC0-301F-11D3-BF4B-00C04F79EFBC}") = "Daemon", "Daemon\Daemon.csproj", "{4DD5B012-AFD6-4A75-B02A-2202E76D3393}"
EndProject
Project("{FAE04EC0-301F-11D3-BF4B-00C04F79EFBC}") = "Grafeas", "Grafeas\Grafeas.csproj", "{940148A5-0224-4655-B643-E1FDF53466D4}"
EndProject
Project("{FAE04EC0-301F-11D3-BF4B-00C04F79EFBC}") = "Archeio", "Archeio\Archeio.csproj", "{27F60721-5B92-4FB8-8844-B0533B5C879B}"
EndProject
Global
	GlobalSection(SolutionConfigurationPlatforms) = preSolution
		Debug|.NET = Debug|.NET
		Debug|Any CPU = Debug|Any CPU
		Debug|Mixed Platforms = Debug|Mixed Platforms
		Release|.NET = Release|.NET
		Release|Any CPU = Release|Any CPU
		Release|Mixed Platforms = Release|Mixed Platforms
	EndGlobalSection
	GlobalSection(ProjectConfigurationPlatforms) = postSolution
		{8A9E2B99-E903-456B-BAAF-F68B689C56C5}.Debug|.NET.ActiveCfg = Debug|Any CPU
		{8A9E2B99-E903-456B-BAAF-F68B689C56C5}.Debug|Any CPU.ActiveCfg = Debug|Any CPU
		{8A9E2B99-E903-456B-BAAF-F68B689C56C5}.Debug|Any CPU.Build.0 = Debug|Any CPU
		{8A9E2B99-E903-456B-BAAF-F68B689C56C5}.Debug|Mixed Platforms.ActiveCfg = Debug|Any CPU
		{8A9E2B99-E903-456B-BAAF-F68B689C56C5}.Debug|Mixed Platforms.Build.0 = Debug|Any CPU
		{8A9E2B99-E903-456B-BAAF-F68B689C56C5}.Release|.NET.ActiveCfg = Release|Any CPU
		{8A9E2B99-E903-456B-BAAF-F68B689C56C5}.Release|Any CPU.ActiveCfg = Release|Any CPU
		{8A9E2B99-E903-456B-BAAF-F68B689C56C5}.Release|Any CPU.Build.0 = Release|Any CPU
		{8A9E2B99-E903-456B-BAAF-F68B689C56C5}.Release|Mixed Platforms.ActiveCfg = Release|Any CPU
		{8A9E2B99-E903-456B-BAAF-F68B689C56C5}.Release|Mixed Platforms.Build.0 = Release|Any CPU
		{6860982D-1C11-4BDE-A601-CA1C632E2887}.Debug|.NET.ActiveCfg = Debug|Any CPU
		{6860982D-1C11-4BDE-A601-CA1C632E2887}.Debug|Any CPU.ActiveCfg = Debug|Any CPU
		{6860982D-1C11-4BDE-A601-CA1C632E2887}.Debug|Any CPU.Build.0 = Debug|Any CPU
		{6860982D-1C11-4BDE-A601-CA1C632E2887}.Debug|Mixed Platforms.ActiveCfg = Debug|Any CPU
		{6860982D-1C11-4BDE-A601-CA1C632E2887}.Debug|Mixed Platforms.Build.0 = Debug|Any CPU
		{6860982D-1C11-4BDE-A601-CA1C632E2887}.Release|.NET.ActiveCfg = Release|Any CPU
		{6860982D-1C11-4BDE-A601-CA1C632E2887}.Release|Any CPU.ActiveCfg = Release|Any CPU
		{6860982D-1C11-4BDE-A601-CA1C632E2887}.Release|Any CPU.Build.0 = Release|Any CPU
		{6860982D-1C11-4BDE-A601-CA1C632E2887}.Release|Mixed Platforms.ActiveCfg = Release|Any CPU
		{6860982D-1C11-4BDE-A601-CA1C632E2887}.Release|Mixed Platforms.Build.0 = Release|Any CPU
		{45610EE8-AAF5-4423-84CF-636E20451542}.Debug|.NET.ActiveCfg = Debug|Any CPU
		{45610EE8-AAF5-4423-84CF-636E20451542}.Debug|Any CPU.ActiveCfg = Debug|Any CPU
		{45610EE8-AAF5-4423-84CF-636E20451542}.Debug|Any CPU.Build.0 = Debug|Any CPU
		{45610EE8-AAF5-4423-84CF-636E20451542}.Debug|Mixed Platforms.ActiveCfg = Debug|Any CPU
		{45610EE8-AAF5-4423-84CF-636E20451542}.Debug|Mixed Platforms.Build.0 = Debug|Any CPU
		{45610EE8-AAF5-4423-84CF-636E20451542}.Release|.NET.ActiveCfg = Release|Any CPU
		{45610EE8-AAF5-4423-84CF-636E20451542}.Release|Any CPU.ActiveCfg = Release|Any CPU
		{45610EE8-AAF5-4423-84CF-636E20451542}.Release|Any CPU.Build.0 = Release|Any CPU
		{45610EE8-AAF5-4423-84CF-636E20451542}.Release|Mixed Platforms.ActiveCfg = Release|Any CPU
		{45610EE8-AAF5-4423-84CF-636E20451542}.Release|Mixed Platforms.Build.0 = Release|Any CPU
		{E9718820-5BC8-48D8-B608-3F77354BE27B}.Debug|.NET.ActiveCfg = Debug|.NET
		{E9718820-5BC8-48D8-B608-3F77354BE27B}.Debug|.NET.Build.0 = Debug|.NET
		{E9718820-5BC8-48D8-B608-3F77354BE27B}.Debug|Any CPU.ActiveCfg = Debug|.NET
		{E9718820-5BC8-48D8-B608-3F77354BE27B}.Debug|Mixed Platforms.ActiveCfg = Debug|.NET
		{E9718820-5BC8-48D8-B608-3F77354BE27B}.Debug|Mixed Platforms.Build.0 = Debug|.NET
		{E9718820-5BC8-48D8-B608-3F77354BE27B}.Release|.NET.ActiveCfg = Debug|.NET
		{E9718820-5BC8-48D8-B608-3F77354BE27B}.Release|.NET.Build.0 = Debug|.NET
		{E9718820-5BC8-48D8-B608-3F77354BE27B}.Release|Any CPU.ActiveCfg = Debug|.NET
		{E9718820-5BC8-48D8-B608-3F77354BE27B}.Release|Mixed Platforms.ActiveCfg = Debug|.NET
		{E9718820-5BC8-48D8-B608-3F77354BE27B}.Release|Mixed Platforms.Build.0 = Debug|.NET
		{4DD5B012-AFD6-4A75-B02A-2202E76D3393}.Debug|.NET.ActiveCfg = Debug|Any CPU
		{4DD5B012-AFD6-4A75-B02A-2202E76D3393}.Debug|Any CPU.ActiveCfg = Debug|Any CPU
		{4DD5B012-AFD6-4A75-B02A-2202E76D3393}.Debug|Any CPU.Build.0 = Debug|Any CPU
		{4DD5B012-AFD6-4A75-B02A-2202E76D3393}.Debug|Mixed Platforms.ActiveCfg = Debug|Any CPU
		{4DD5B012-AFD6-4A75-B02A-2202E76D3393}.Debug|Mixed Platforms.Build.0 = Debug|Any CPU
		{4DD5B012-AFD6-4A75-B02A-2202E76D3393}.Release|.NET.ActiveCfg = Release|Any CPU
		{4DD5B012-AFD6-4A75-B02A-2202E76D3393}.Release|Any CPU.ActiveCfg = Release|Any CPU
		{4DD5B012-AFD6-4A75-B02A-2202E76D3393}.Release|Any CPU.Build.0 = Release|Any CPU
		{4DD5B012-AFD6-4A75-B02A-2202E76D3393}.Release|Mixed Platforms.ActiveCfg = Release|Any CPU
		{4DD5B012-AFD6-4A75-B02A-2202E76D3393}.Release|Mixed Platforms.Build.0 = Release|Any CPU
		{940148A5-0224-4655-B643-E1FDF53466D4}.Debug|.NET.ActiveCfg = Debug|Any CPU
		{940148A5-0224-4655-B643-E1FDF53466D4}.Debug|Any CPU.ActiveCfg = Debug|Any CPU
		{940148A5-0224-4655-B643-E1FDF53466D4}.Debug|Any CPU.Build.0 = Debug|Any CPU
		{940148A5-0224-4655-B643-E1FDF53466D4}.Debug|Mixed Platforms.ActiveCfg = Debug|Any CPU
		{940148A5-0224-4655-B643-E1FDF53466D4}.Debug|Mixed Platforms.Build.0 = Debug|Any CPU
		{940148A5-0224-4655-B643-E1FDF53466D4}.Release|.NET.ActiveCfg = Release|Any CPU
		{940148A5-0224-4655-B643-E1FDF53466D4}.Release|Any CPU.ActiveCfg = Release|Any CPU
		{940148A5-0224-4655-B643-E1FDF53466D4}.Release|Any CPU.Build.0 = Release|Any CPU
		{940148A5-0224-4655-B643-E1FDF53466D4}.Release|Mixed Platforms.ActiveCfg = Release|Any CPU
		{940148A5-0224-4655-B643-E1FDF53466D4}.Release|Mixed Platforms.Build.0 = Release|Any CPU
		{27F60721-5B92-4FB8-8844-B0533B5C879B}.Debug|.NET.ActiveCfg = Debug|Any CPU
		{27F60721-5B92-4FB8-8844-B0533B5C879B}.Debug|Any CPU.ActiveCfg = Debug|Any CPU
		{27F60721-5B92-4FB8-8844-B0533B5C879B}.Debug|Any CPU.Build.0 = Debug|Any CPU
		{27F60721-5B92-4FB8-8844-B0533B5C879B}.Debug|Mixed Platforms.ActiveCfg = Debug|Any CPU
		{27F60721-5B92-4FB8-8844-B0533B5C879B}.Debug|Mixed Platforms.Build.0 = Debug|Any CPU
		{27F60721-5B92-4FB8-8844-B0533B5C879B}.Release|.NET.ActiveCfg = Release|Any CPU
		{27F60721-5B92-4FB8-8844-B0533B5C879B}.Release|Any CPU.ActiveCfg = Release|Any CPU
		{27F60721-5B92-4FB8-8844-B0533B5C879B}.Release|Any CPU.Build.0 = Release|Any CPU
		{27F60721-5B92-4FB8-8844-B0533B5C879B}.Release|Mixed Platforms.ActiveCfg = Release|Any CPU
		{27F60721-5B92-4FB8-8844-B0533B5C879B}.Release|Mixed Platforms.Build.0 = Release|Any CPU
	EndGlobalSection
	GlobalSection(SolutionProperties) = preSolution
		HideSolutionNode = FALSE
	EndGlobalSection
EndGlobal
